
Microsoft Visual Studio Solution File, Format Version 12.00
# Visual Studio Version 17
VisualStudioVersion = 17.3.32929.385
MinimumVisualStudioVersion = 10.0.40219.1
Project("{FAE04EC0-301F-11D3-BF4B-00C04F79EFBC}") = "task", "task.csproj", "{BCB103E8-2A55-40B5-9BCD-EDA0FD849AD5}"
EndProject
Global
	GlobalSection(SolutionConfigurationPlatforms) = preSolution
		Debug|Any CPU = Debug|Any CPU
		Release|Any CPU = Release|Any CPU
	EndGlobalSection
	GlobalSection(ProjectConfigurationPlatforms) = postSolution
		{BCB103E8-2A55-40B5-9BCD-EDA0FD849AD5}.Debug|Any CPU.ActiveCfg = Debug|Any CPU
		{BCB103E8-2A55-40B5-9BCD-EDA0FD849AD5}.Debug|Any CPU.Build.0 = Debug|Any CPU
		{BCB103E8-2A55-40B5-9BCD-EDA0FD849AD5}.Release|Any CPU.ActiveCfg = Release|Any CPU
		{BCB103E8-2A55-40B5-9BCD-EDA0FD849AD5}.Release|Any CPU.Build.0 = Release|Any CPU
	EndGlobalSection
	GlobalSection(SolutionProperties) = preSolution
		HideSolutionNode = FALSE
	EndGlobalSection
	GlobalSection(ExtensibilityGlobals) = postSolution
		SolutionGuid = {B7C7B040-2122-4B1D-A07F-C9692B6FC31E}
	EndGlobalSection
EndGlobal
